
Microsoft Visual Studio Solution File, Format Version 12.00
# Visual Studio 15
VisualStudioVersion = 15.0.28307.645
MinimumVisualStudioVersion = 10.0.40219.1
Project("{FAE04EC0-301F-11D3-BF4B-00C04F79EFBC}") = "Lab_2", "Lab_2\Lab_2.csproj", "{F46AB9B7-E2F8-4E41-B084-D0BB58F14A81}"
EndProject
Global
	GlobalSection(SolutionConfigurationPlatforms) = preSolution
		Debug|Any CPU = Debug|Any CPU
		Release|Any CPU = Release|Any CPU
	EndGlobalSection
	GlobalSection(ProjectConfigurationPlatforms) = postSolution
		{F46AB9B7-E2F8-4E41-B084-D0BB58F14A81}.Debug|Any CPU.ActiveCfg = Debug|Any CPU
		{F46AB9B7-E2F8-4E41-B084-D0BB58F14A81}.Debug|Any CPU.Build.0 = Debug|Any CPU
		{F46AB9B7-E2F8-4E41-B084-D0BB58F14A81}.Release|Any CPU.ActiveCfg = Release|Any CPU
		{F46AB9B7-E2F8-4E41-B084-D0BB58F14A81}.Release|Any CPU.Build.0 = Release|Any CPU
	EndGlobalSection
	GlobalSection(SolutionProperties) = preSolution
		HideSolutionNode = FALSE
	EndGlobalSection
	GlobalSection(ExtensibilityGlobals) = postSolution
		SolutionGuid = {9697EC39-FD42-43A4-B61F-020469A8F41D}
	EndGlobalSection
EndGlobal
